
Microsoft Visual Studio Solution File, Format Version 12.00
# Visual Studio Version 17
VisualStudioVersion = 17.11.35327.3
MinimumVisualStudioVersion = 10.0.40219.1
Project("{FAE04EC0-301F-11D3-BF4B-00C04F79EFBC}") = "TimeApp", "TimeApp\TimeApp.csproj", "{5F7CA682-1E46-4947-A4CD-9659D3E1A53A}"
EndProject
Global
	GlobalSection(SolutionConfigurationPlatforms) = preSolution
		Debug|Any CPU = Debug|Any CPU
		Release|Any CPU = Release|Any CPU
	EndGlobalSection
	GlobalSection(ProjectConfigurationPlatforms) = postSolution
		{5F7CA682-1E46-4947-A4CD-9659D3E1A53A}.Debug|Any CPU.ActiveCfg = Debug|Any CPU
		{5F7CA682-1E46-4947-A4CD-9659D3E1A53A}.Debug|Any CPU.Build.0 = Debug|Any CPU
		{5F7CA682-1E46-4947-A4CD-9659D3E1A53A}.Release|Any CPU.ActiveCfg = Release|Any CPU
		{5F7CA682-1E46-4947-A4CD-9659D3E1A53A}.Release|Any CPU.Build.0 = Release|Any CPU
	EndGlobalSection
	GlobalSection(SolutionProperties) = preSolution
		HideSolutionNode = FALSE
	EndGlobalSection
	GlobalSection(ExtensibilityGlobals) = postSolution
		SolutionGuid = {D1F71412-5E39-4969-9F29-054F0D8BCFC3}
	EndGlobalSection
EndGlobal
